
Microsoft Visual Studio Solution File, Format Version 12.00
# Visual Studio Version 17
VisualStudioVersion = 17.4.33205.214
MinimumVisualStudioVersion = 10.0.40219.1
Project("{FAE04EC0-301F-11D3-BF4B-00C04F79EFBC}") = "Calisto", "Calisto\Calisto.csproj", "{6BD34027-A4FE-4137-BA39-144EC3AB864F}"
EndProject
Global
	GlobalSection(SolutionConfigurationPlatforms) = preSolution
		Debug|Any CPU = Debug|Any CPU
		Release|Any CPU = Release|Any CPU
	EndGlobalSection
	GlobalSection(ProjectConfigurationPlatforms) = postSolution
		{6BD34027-A4FE-4137-BA39-144EC3AB864F}.Debug|Any CPU.ActiveCfg = Debug|Any CPU
		{6BD34027-A4FE-4137-BA39-144EC3AB864F}.Debug|Any CPU.Build.0 = Debug|Any CPU
		{6BD34027-A4FE-4137-BA39-144EC3AB864F}.Release|Any CPU.ActiveCfg = Release|Any CPU
		{6BD34027-A4FE-4137-BA39-144EC3AB864F}.Release|Any CPU.Build.0 = Release|Any CPU
	EndGlobalSection
	GlobalSection(SolutionProperties) = preSolution
		HideSolutionNode = FALSE
	EndGlobalSection
	GlobalSection(ExtensibilityGlobals) = postSolution
		SolutionGuid = {15B65725-508E-4B1C-A308-1395D42639E9}
	EndGlobalSection
EndGlobal
